// !$*UTF8*$!
{
	archiveVersion = 1;
	classes = {
	};
	objectVersion = 50;
	objects = {

/* Begin PBXBuildFile section */
		80248AE6242D1FE6000EC44C /* AppDelegate.swift in Sources */ = {isa = PBXBuildFile; fileRef = 80248AE5242D1FE6000EC44C /* AppDelegate.swift */; };
		80248AE8242D1FE6000EC44C /* SceneDelegate.swift in Sources */ = {isa = PBXBuildFile; fileRef = 80248AE7242D1FE6000EC44C /* SceneDelegate.swift */; };
		80248AEA242D1FE6000EC44C /* HomeViewController.swift in Sources */ = {isa = PBXBuildFile; fileRef = 80248AE9242D1FE6000EC44C /* HomeViewController.swift */; };
		80248AED242D1FE6000EC44C /* Main.storyboard in Resources */ = {isa = PBXBuildFile; fileRef = 80248AEB242D1FE6000EC44C /* Main.storyboard */; };
		80248AEF242D1FE7000EC44C /* Assets.xcassets in Resources */ = {isa = PBXBuildFile; fileRef = 80248AEE242D1FE7000EC44C /* Assets.xcassets */; };
		80248AF2242D1FE7000EC44C /* LaunchScreen.storyboard in Resources */ = {isa = PBXBuildFile; fileRef = 80248AF0242D1FE7000EC44C /* LaunchScreen.storyboard */; };
		80248AFE242D2AC2000EC44C /* AddViewController.swift in Sources */ = {isa = PBXBuildFile; fileRef = 80248AFD242D2AC2000EC44C /* AddViewController.swift */; };
		80248B0A242DF2AA000EC44C /* EntryViewCell.swift in Sources */ = {isa = PBXBuildFile; fileRef = 80248B09242DF2AA000EC44C /* EntryViewCell.swift */; };
		80248B0C242E04F2000EC44C /* Entry.swift in Sources */ = {isa = PBXBuildFile; fileRef = 80248B0B242E04F2000EC44C /* Entry.swift */; };
		80248B0E242E0F5C000EC44C /* ExpiryViewCell.swift in Sources */ = {isa = PBXBuildFile; fileRef = 80248B0D242E0F5C000EC44C /* ExpiryViewCell.swift */; };
		80248B10242E125C000EC44C /* NoteViewCell.swift in Sources */ = {isa = PBXBuildFile; fileRef = 80248B0F242E125C000EC44C /* NoteViewCell.swift */; };
		80248B12242E1274000EC44C /* FileViewCell.swift in Sources */ = {isa = PBXBuildFile; fileRef = 80248B11242E1274000EC44C /* FileViewCell.swift */; };
		80248B14242E16A3000EC44C /* DateViewCell.swift in Sources */ = {isa = PBXBuildFile; fileRef = 80248B13242E16A3000EC44C /* DateViewCell.swift */; };
/* End PBXBuildFile section */

/* Begin PBXFileReference section */
		80248AE2242D1FE6000EC44C /* Files.ios.app */ = {isa = PBXFileReference; explicitFileType = wrapper.application; includeInIndex = 0; path = Files.ios.app; sourceTree = BUILT_PRODUCTS_DIR; };
		80248AE5242D1FE6000EC44C /* AppDelegate.swift */ = {isa = PBXFileReference; lastKnownFileType = sourcecode.swift; path = AppDelegate.swift; sourceTree = "<group>"; };
		80248AE7242D1FE6000EC44C /* SceneDelegate.swift */ = {isa = PBXFileReference; lastKnownFileType = sourcecode.swift; path = SceneDelegate.swift; sourceTree = "<group>"; };
		80248AE9242D1FE6000EC44C /* HomeViewController.swift */ = {isa = PBXFileReference; lastKnownFileType = sourcecode.swift; path = HomeViewController.swift; sourceTree = "<group>"; };
		80248AEC242D1FE6000EC44C /* Base */ = {isa = PBXFileReference; lastKnownFileType = file.storyboard; name = Base; path = Base.lproj/Main.storyboard; sourceTree = "<group>"; };
		80248AEE242D1FE7000EC44C /* Assets.xcassets */ = {isa = PBXFileReference; lastKnownFileType = folder.assetcatalog; path = Assets.xcassets; sourceTree = "<group>"; };
		80248AF1242D1FE7000EC44C /* Base */ = {isa = PBXFileReference; lastKnownFileType = file.storyboard; name = Base; path = Base.lproj/LaunchScreen.storyboard; sourceTree = "<group>"; };
		80248AF3242D1FE7000EC44C /* Info.plist */ = {isa = PBXFileReference; lastKnownFileType = text.plist.xml; path = Info.plist; sourceTree = "<group>"; };
		80248AFD242D2AC2000EC44C /* AddViewController.swift */ = {isa = PBXFileReference; lastKnownFileType = sourcecode.swift; path = AddViewController.swift; sourceTree = "<group>"; };
		80248B09242DF2AA000EC44C /* EntryViewCell.swift */ = {isa = PBXFileReference; lastKnownFileType = sourcecode.swift; path = EntryViewCell.swift; sourceTree = "<group>"; };
		80248B0B242E04F2000EC44C /* Entry.swift */ = {isa = PBXFileReference; lastKnownFileType = sourcecode.swift; path = Entry.swift; sourceTree = "<group>"; };
		80248B0D242E0F5C000EC44C /* ExpiryViewCell.swift */ = {isa = PBXFileReference; lastKnownFileType = sourcecode.swift; path = ExpiryViewCell.swift; sourceTree = "<group>"; };
		80248B0F242E125C000EC44C /* NoteViewCell.swift */ = {isa = PBXFileReference; lastKnownFileType = sourcecode.swift; path = NoteViewCell.swift; sourceTree = "<group>"; };
		80248B11242E1274000EC44C /* FileViewCell.swift */ = {isa = PBXFileReference; lastKnownFileType = sourcecode.swift; path = FileViewCell.swift; sourceTree = "<group>"; };
		80248B13242E16A3000EC44C /* DateViewCell.swift */ = {isa = PBXFileReference; lastKnownFileType = sourcecode.swift; path = DateViewCell.swift; sourceTree = "<group>"; };
/* End PBXFileReference section */

/* Begin PBXFrameworksBuildPhase section */
		80248ADF242D1FE6000EC44C /* Frameworks */ = {
			isa = PBXFrameworksBuildPhase;
			buildActionMask = 2147483647;
			files = (
			);
			runOnlyForDeploymentPostprocessing = 0;
		};
/* End PBXFrameworksBuildPhase section */

/* Begin PBXGroup section */
		80248AD9242D1FE6000EC44C = {
			isa = PBXGroup;
			children = (
				80248AE4242D1FE6000EC44C /* Files.ios */,
				80248AE3242D1FE6000EC44C /* Products */,
			);
			sourceTree = "<group>";
		};
		80248AE3242D1FE6000EC44C /* Products */ = {
			isa = PBXGroup;
			children = (
				80248AE2242D1FE6000EC44C /* Files.ios.app */,
			);
			name = Products;
			sourceTree = "<group>";
		};
		80248AE4242D1FE6000EC44C /* Files.ios */ = {
			isa = PBXGroup;
			children = (
				80248AFC242D2103000EC44C /* model */,
				80248AFB242D20F4000EC44C /* controller */,
				80248AFA242D20E3000EC44C /* view */,
				80248AE5242D1FE6000EC44C /* AppDelegate.swift */,
				80248AE7242D1FE6000EC44C /* SceneDelegate.swift */,
				80248AEE242D1FE7000EC44C /* Assets.xcassets */,
				80248AF0242D1FE7000EC44C /* LaunchScreen.storyboard */,
				80248AF3242D1FE7000EC44C /* Info.plist */,
			);
			path = Files.ios;
			sourceTree = "<group>";
		};
		80248AFA242D20E3000EC44C /* view */ = {
			isa = PBXGroup;
			children = (
				80248AEB242D1FE6000EC44C /* Main.storyboard */,
				80248B13242E16A3000EC44C /* DateViewCell.swift */,
				80248B09242DF2AA000EC44C /* EntryViewCell.swift */,
				80248B0D242E0F5C000EC44C /* ExpiryViewCell.swift */,
				80248B11242E1274000EC44C /* FileViewCell.swift */,
				80248B0F242E125C000EC44C /* NoteViewCell.swift */,
			);
			path = view;
			sourceTree = "<group>";
		};
		80248AFB242D20F4000EC44C /* controller */ = {
			isa = PBXGroup;
			children = (
				80248AE9242D1FE6000EC44C /* HomeViewController.swift */,
				80248AFD242D2AC2000EC44C /* AddViewController.swift */,
			);
			path = controller;
			sourceTree = "<group>";
		};
		80248AFC242D2103000EC44C /* model */ = {
			isa = PBXGroup;
			children = (
				80248B0B242E04F2000EC44C /* Entry.swift */,
			);
			path = model;
			sourceTree = "<group>";
		};
/* End PBXGroup section */

/* Begin PBXNativeTarget section */
		80248AE1242D1FE6000EC44C /* Files.ios */ = {
			isa = PBXNativeTarget;
			buildConfigurationList = 80248AF6242D1FE7000EC44C /* Build configuration list for PBXNativeTarget "Files.ios" */;
			buildPhases = (
				80248ADE242D1FE6000EC44C /* Sources */,
				80248ADF242D1FE6000EC44C /* Frameworks */,
				80248AE0242D1FE6000EC44C /* Resources */,
			);
			buildRules = (
			);
			dependencies = (
			);
			name = Files.ios;
			productName = Files.ios;
			productReference = 80248AE2242D1FE6000EC44C /* Files.ios.app */;
			productType = "com.apple.product-type.application";
		};
/* End PBXNativeTarget section */

/* Begin PBXProject section */
		80248ADA242D1FE6000EC44C /* Project object */ = {
			isa = PBXProject;
			attributes = {
				LastSwiftUpdateCheck = 1130;
				LastUpgradeCheck = 1130;
				ORGANIZATIONNAME = "Pavel Vashkel";
				TargetAttributes = {
					80248AE1242D1FE6000EC44C = {
						CreatedOnToolsVersion = 11.3.1;
					};
				};
			};
			buildConfigurationList = 80248ADD242D1FE6000EC44C /* Build configuration list for PBXProject "Files.ios" */;
			compatibilityVersion = "Xcode 9.3";
			developmentRegion = en;
			hasScannedForEncodings = 0;
			knownRegions = (
				en,
				Base,
			);
			mainGroup = 80248AD9242D1FE6000EC44C;
			productRefGroup = 80248AE3242D1FE6000EC44C /* Products */;
			projectDirPath = "";
			projectRoot = "";
			targets = (
				80248AE1242D1FE6000EC44C /* Files.ios */,
			);
		};
/* End PBXProject section */

/* Begin PBXResourcesBuildPhase section */
		80248AE0242D1FE6000EC44C /* Resources */ = {
			isa = PBXResourcesBuildPhase;
			buildActionMask = 2147483647;
			files = (
				80248AF2242D1FE7000EC44C /* LaunchScreen.storyboard in Resources */,
				80248AEF242D1FE7000EC44C /* Assets.xcassets in Resources */,
				80248AED242D1FE6000EC44C /* Main.storyboard in Resources */,
			);
			runOnlyForDeploymentPostprocessing = 0;
		};
/* End PBXResourcesBuildPhase section */

/* Begin PBXSourcesBuildPhase section */
		80248ADE242D1FE6000EC44C /* Sources */ = {
			isa = PBXSourcesBuildPhase;
			buildActionMask = 2147483647;
			files = (
				80248B0C242E04F2000EC44C /* Entry.swift in Sources */,
				80248B12242E1274000EC44C /* FileViewCell.swift in Sources */,
				80248B14242E16A3000EC44C /* DateViewCell.swift in Sources */,
				80248AEA242D1FE6000EC44C /* HomeViewController.swift in Sources */,
				80248AE6242D1FE6000EC44C /* AppDelegate.swift in Sources */,
				80248AFE242D2AC2000EC44C /* AddViewController.swift in Sources */,
				80248B0E242E0F5C000EC44C /* ExpiryViewCell.swift in Sources */,
				80248AE8242D1FE6000EC44C /* SceneDelegate.swift in Sources */,
				80248B10242E125C000EC44C /* NoteViewCell.swift in Sources */,
				80248B0A242DF2AA000EC44C /* EntryViewCell.swift in Sources */,
			);
			runOnlyForDeploymentPostprocessing = 0;
		};
/* End PBXSourcesBuildPhase section */

/* Begin PBXVariantGroup section */
		80248AEB242D1FE6000EC44C /* Main.storyboard */ = {
			isa = PBXVariantGroup;
			children = (
				80248AEC242D1FE6000EC44C /* Base */,
			);
			name = Main.storyboard;
			sourceTree = "<group>";
		};
		80248AF0242D1FE7000EC44C /* LaunchScreen.storyboard */ = {
			isa = PBXVariantGroup;
			children = (
				80248AF1242D1FE7000EC44C /* Base */,
			);
			name = LaunchScreen.storyboard;
			sourceTree = "<group>";
		};
/* End PBXVariantGroup section */

/* Begin XCBuildConfiguration section */
		80248AF4242D1FE7000EC44C /* Debug */ = {
			isa = XCBuildConfiguration;
			buildSettings = {
				ALWAYS_SEARCH_USER_PATHS = NO;
				CLANG_ANALYZER_NONNULL = YES;
				CLANG_ANALYZER_NUMBER_OBJECT_CONVERSION = YES_AGGRESSIVE;
				CLANG_CXX_LANGUAGE_STANDARD = "gnu++14";
				CLANG_CXX_LIBRARY = "libc++";
				CLANG_ENABLE_MODULES = YES;
				CLANG_ENABLE_OBJC_ARC = YES;
				CLANG_ENABLE_OBJC_WEAK = YES;
				CLANG_WARN_BLOCK_CAPTURE_AUTORELEASING = YES;
				CLANG_WARN_BOOL_CONVERSION = YES;
				CLANG_WARN_COMMA = YES;
				CLANG_WARN_CONSTANT_CONVERSION = YES;
				CLANG_WARN_DEPRECATED_OBJC_IMPLEMENTATIONS = YES;
				CLANG_WARN_DIRECT_OBJC_ISA_USAGE = YES_ERROR;
				CLANG_WARN_DOCUMENTATION_COMMENTS = YES;
				CLANG_WARN_EMPTY_BODY = YES;
				CLANG_WARN_ENUM_CONVERSION = YES;
				CLANG_WARN_INFINITE_RECURSION = YES;
				CLANG_WARN_INT_CONVERSION = YES;
				CLANG_WARN_NON_LITERAL_NULL_CONVERSION = YES;
				CLANG_WARN_OBJC_IMPLICIT_RETAIN_SELF = YES;
				CLANG_WARN_OBJC_LITERAL_CONVERSION = YES;
				CLANG_WARN_OBJC_ROOT_CLASS = YES_ERROR;
				CLANG_WARN_RANGE_LOOP_ANALYSIS = YES;
				CLANG_WARN_STRICT_PROTOTYPES = YES;
				CLANG_WARN_SUSPICIOUS_MOVE = YES;
				CLANG_WARN_UNGUARDED_AVAILABILITY = YES_AGGRESSIVE;
				CLANG_WARN_UNREACHABLE_CODE = YES;
				CLANG_WARN__DUPLICATE_METHOD_MATCH = YES;
				COPY_PHASE_STRIP = NO;
				DEBUG_INFORMATION_FORMAT = dwarf;
				ENABLE_STRICT_OBJC_MSGSEND = YES;
				ENABLE_TESTABILITY = YES;
				GCC_C_LANGUAGE_STANDARD = gnu11;
				GCC_DYNAMIC_NO_PIC = NO;
				GCC_NO_COMMON_BLOCKS = YES;
				GCC_OPTIMIZATION_LEVEL = 0;
				GCC_PREPROCESSOR_DEFINITIONS = (
					"DEBUG=1",
					"$(inherited)",
				);
				GCC_WARN_64_TO_32_BIT_CONVERSION = YES;
				GCC_WARN_ABOUT_RETURN_TYPE = YES_ERROR;
				GCC_WARN_UNDECLARED_SELECTOR = YES;
				GCC_WARN_UNINITIALIZED_AUTOS = YES_AGGRESSIVE;
				GCC_WARN_UNUSED_FUNCTION = YES;
				GCC_WARN_UNUSED_VARIABLE = YES;
				IPHONEOS_DEPLOYMENT_TARGET = 13.2;
				MTL_ENABLE_DEBUG_INFO = INCLUDE_SOURCE;
				MTL_FAST_MATH = YES;
				ONLY_ACTIVE_ARCH = YES;
				SDKROOT = iphoneos;
				SWIFT_ACTIVE_COMPILATION_CONDITIONS = DEBUG;
				SWIFT_OPTIMIZATION_LEVEL = "-Onone";
			};
			name = Debug;
		};
		80248AF5242D1FE7000EC44C /* Release */ = {
			isa = XCBuildConfiguration;
			buildSettings = {
				ALWAYS_SEARCH_USER_PATHS = NO;
				CLANG_ANALYZER_NONNULL = YES;
				CLANG_ANALYZER_NUMBER_OBJECT_CONVERSION = YES_AGGRESSIVE;
				CLANG_CXX_LANGUAGE_STANDARD = "gnu++14";
				CLANG_CXX_LIBRARY = "libc++";
				CLANG_ENABLE_MODULES = YES;
				CLANG_ENABLE_OBJC_ARC = YES;
				CLANG_ENABLE_OBJC_WEAK = YES;
				CLANG_WARN_BLOCK_CAPTURE_AUTORELEASING = YES;
				CLANG_WARN_BOOL_CONVERSION = YES;
				CLANG_WARN_COMMA = YES;
				CLANG_WARN_CONSTANT_CONVERSION = YES;
				CLANG_WARN_DEPRECATED_OBJC_IMPLEMENTATIONS = YES;
				CLANG_WARN_DIRECT_OBJC_ISA_USAGE = YES_ERROR;
				CLANG_WARN_DOCUMENTATION_COMMENTS = YES;
				CLANG_WARN_EMPTY_BODY = YES;
				CLANG_WARN_ENUM_CONVERSION = YES;
				CLANG_WARN_INFINITE_RECURSION = YES;
				CLANG_WARN_INT_CONVERSION = YES;
				CLANG_WARN_NON_LITERAL_NULL_CONVERSION = YES;
				CLANG_WARN_OBJC_IMPLICIT_RETAIN_SELF = YES;
				CLANG_WARN_OBJC_LITERAL_CONVERSION = YES;
				CLANG_WARN_OBJC_ROOT_CLASS = YES_ERROR;
				CLANG_WARN_RANGE_LOOP_ANALYSIS = YES;
				CLANG_WARN_STRICT_PROTOTYPES = YES;
				CLANG_WARN_SUSPICIOUS_MOVE = YES;
				CLANG_WARN_UNGUARDED_AVAILABILITY = YES_AGGRESSIVE;
				CLANG_WARN_UNREACHABLE_CODE = YES;
				CLANG_WARN__DUPLICATE_METHOD_MATCH = YES;
				COPY_PHASE_STRIP = NO;
				DEBUG_INFORMATION_FORMAT = "dwarf-with-dsym";
				ENABLE_NS_ASSERTIONS = NO;
				ENABLE_STRICT_OBJC_MSGSEND = YES;
				GCC_C_LANGUAGE_STANDARD = gnu11;
				GCC_NO_COMMON_BLOCKS = YES;
				GCC_WARN_64_TO_32_BIT_CONVERSION = YES;
				GCC_WARN_ABOUT_RETURN_TYPE = YES_ERROR;
				GCC_WARN_UNDECLARED_SELECTOR = YES;
				GCC_WARN_UNINITIALIZED_AUTOS = YES_AGGRESSIVE;
				GCC_WARN_UNUSED_FUNCTION = YES;
				GCC_WARN_UNUSED_VARIABLE = YES;
				IPHONEOS_DEPLOYMENT_TARGET = 13.2;
				MTL_ENABLE_DEBUG_INFO = NO;
				MTL_FAST_MATH = YES;
				SDKROOT = iphoneos;
				SWIFT_COMPILATION_MODE = wholemodule;
				SWIFT_OPTIMIZATION_LEVEL = "-O";
				VALIDATE_PRODUCT = YES;
			};
			name = Release;
		};
		80248AF7242D1FE7000EC44C /* Debug */ = {
			isa = XCBuildConfiguration;
			buildSettings = {
				ASSETCATALOG_COMPILER_APPICON_NAME = AppIcon;
				CODE_SIGN_STYLE = Automatic;
				INFOPLIST_FILE = Files.ios/Info.plist;
				LD_RUNPATH_SEARCH_PATHS = (
					"$(inherited)",
					"@executable_path/Frameworks",
				);
				MARKETING_VERSION = 0.0.1;
				PRODUCT_BUNDLE_IDENTIFIER = "com.vshkl.Files-ios";
				PRODUCT_NAME = "$(TARGET_NAME)";
				SWIFT_VERSION = 5.0;
				TARGETED_DEVICE_FAMILY = "1,2";
			};
			name = Debug;
		};
		80248AF8242D1FE7000EC44C /* Release */ = {
			isa = XCBuildConfiguration;
			buildSettings = {
				ASSETCATALOG_COMPILER_APPICON_NAME = AppIcon;
				CODE_SIGN_STYLE = Automatic;
				INFOPLIST_FILE = Files.ios/Info.plist;
				LD_RUNPATH_SEARCH_PATHS = (
					"$(inherited)",
					"@executable_path/Frameworks",
				);
				MARKETING_VERSION = 0.0.1;
				PRODUCT_BUNDLE_IDENTIFIER = "com.vshkl.Files-ios";
				PRODUCT_NAME = "$(TARGET_NAME)";
				SWIFT_VERSION = 5.0;
				TARGETED_DEVICE_FAMILY = "1,2";
			};
			name = Release;
		};
/* End XCBuildConfiguration section */

/* Begin XCConfigurationList section */
		80248ADD242D1FE6000EC44C /* Build configuration list for PBXProject "Files.ios" */ = {
			isa = XCConfigurationList;
			buildConfigurations = (
				80248AF4242D1FE7000EC44C /* Debug */,
				80248AF5242D1FE7000EC44C /* Release */,
			);
			defaultConfigurationIsVisible = 0;
			defaultConfigurationName = Release;
		};
		80248AF6242D1FE7000EC44C /* Build configuration list for PBXNativeTarget "Files.ios" */ = {
			isa = XCConfigurationList;
			buildConfigurations = (
				80248AF7242D1FE7000EC44C /* Debug */,
				80248AF8242D1FE7000EC44C /* Release */,
			);
			defaultConfigurationIsVisible = 0;
			defaultConfigurationName = Release;
		};
/* End XCConfigurationList section */
	};
	rootObject = 80248ADA242D1FE6000EC44C /* Project object */;
}
